{
  "nodes": {
    "nixpkgs": {
      "locked": {
        "lastModified": 1748003873,
        "narHash": "sha256-1uQ/nCWsTTqFg1rZzdw+Cgpy68RpmEKK/VFB64a7pwM=",
        "owner": "NixOS",
        "repo": "nixpkgs",
        "rev": "9b6f57217d1fc37e1e8b29033cedbaac06c80e8d",
        "type": "github"
      },
      "original": {
        "owner": "NixOS",
        "ref": "master",
        "repo": "nixpkgs",
        "type": "github"
      }
    },
    "root": {
      "inputs": {
        "nixpkgs": "nixpkgs"
      }
    }
  },
  "root": "root",
  "version": 7
}
